// !$*UTF8*$!
{
	archiveVersion = 1;
	classes = {
	};
	objectVersion = 46;
	objects = {

/* Begin PBXBuildFile section */
		9655DD921E8AFF0400CA3A43 /* WhaleAPI.swift in Sources */ = {isa = PBXBuildFile; fileRef = 9655DD911E8AFF0400CA3A43 /* WhaleAPI.swift */; };
		966A3B371E8E6A3700A597C5 /* ActivityCollectionViewCell.swift in Sources */ = {isa = PBXBuildFile; fileRef = 966A3B361E8E6A3700A597C5 /* ActivityCollectionViewCell.swift */; };
		966F56F81E92C82C006B725F /* AnswerViewController.swift in Sources */ = {isa = PBXBuildFile; fileRef = 966F56F71E92C82C006B725F /* AnswerViewController.swift */; };
		966F56FA1E92C851006B725F /* AnswerCollectionViewCell.swift in Sources */ = {isa = PBXBuildFile; fileRef = 966F56F91E92C851006B725F /* AnswerCollectionViewCell.swift */; };
		966F56FC1E92C8BF006B725F /* AnswerCollectionViewCell.xib in Resources */ = {isa = PBXBuildFile; fileRef = 966F56FB1E92C8BF006B725F /* AnswerCollectionViewCell.xib */; };
		96AE2DDC1E9801F000C2D383 /* AnswerViewModel.swift in Sources */ = {isa = PBXBuildFile; fileRef = 96AE2DDB1E9801F000C2D383 /* AnswerViewModel.swift */; };
		96D7CEC61E8909DF00EA516C /* JSONAnswer.swift in Sources */ = {isa = PBXBuildFile; fileRef = 96D7CEC51E8909DF00EA516C /* JSONAnswer.swift */; };
		96DA509F1E805CC700CC3A45 /* AppDelegate.swift in Sources */ = {isa = PBXBuildFile; fileRef = 96DA509E1E805CC700CC3A45 /* AppDelegate.swift */; };
		96DA50A11E805CC700CC3A45 /* ActivityViewController.swift in Sources */ = {isa = PBXBuildFile; fileRef = 96DA50A01E805CC700CC3A45 /* ActivityViewController.swift */; };
		96DA50A41E805CC700CC3A45 /* Main.storyboard in Resources */ = {isa = PBXBuildFile; fileRef = 96DA50A21E805CC700CC3A45 /* Main.storyboard */; };
		96DA50A61E805CC700CC3A45 /* Assets.xcassets in Resources */ = {isa = PBXBuildFile; fileRef = 96DA50A51E805CC700CC3A45 /* Assets.xcassets */; };
		96DA50A91E805CC700CC3A45 /* LaunchScreen.storyboard in Resources */ = {isa = PBXBuildFile; fileRef = 96DA50A71E805CC700CC3A45 /* LaunchScreen.storyboard */; };
		96E10C9B1E955F93005A39D0 /* Comment.swift in Sources */ = {isa = PBXBuildFile; fileRef = 96E10C9A1E955F93005A39D0 /* Comment.swift */; };
		96E253F61E82F26B001D4AA5 /* ActivityView.xib in Resources */ = {isa = PBXBuildFile; fileRef = 96E253F51E82F26B001D4AA5 /* ActivityView.xib */; };
		96E253FB1E82FA76001D4AA5 /* HomeViewController.swift in Sources */ = {isa = PBXBuildFile; fileRef = 96E253FA1E82FA76001D4AA5 /* HomeViewController.swift */; };
		96E253FE1E82FB2D001D4AA5 /* LoginViewController.swift in Sources */ = {isa = PBXBuildFile; fileRef = 96E253FD1E82FB2D001D4AA5 /* LoginViewController.swift */; };
		96E254001E82FBC7001D4AA5 /* Cell.xib in Resources */ = {isa = PBXBuildFile; fileRef = 96E253FF1E82FBC7001D4AA5 /* Cell.xib */; };
		C9254B0950FA2BA42300A93F /* Pods_whale_ios_tassos.framework in Frameworks */ = {isa = PBXBuildFile; fileRef = A6869634478C9F67A7B6733D /* Pods_whale_ios_tassos.framework */; };
/* End PBXBuildFile section */

/* Begin PBXFileReference section */
		7228E8DF5F6DCE6D1D2FB2F5 /* Pods-whale-ios-tassos.debug.xcconfig */ = {isa = PBXFileReference; includeInIndex = 1; lastKnownFileType = text.xcconfig; name = "Pods-whale-ios-tassos.debug.xcconfig"; path = "Pods/Target Support Files/Pods-whale-ios-tassos/Pods-whale-ios-tassos.debug.xcconfig"; sourceTree = "<group>"; };
		9655DD911E8AFF0400CA3A43 /* WhaleAPI.swift */ = {isa = PBXFileReference; fileEncoding = 4; lastKnownFileType = sourcecode.swift; name = WhaleAPI.swift; path = "whale-ios-tassos/WhaleAPI.swift"; sourceTree = "<group>"; };
		966A3B361E8E6A3700A597C5 /* ActivityCollectionViewCell.swift */ = {isa = PBXFileReference; fileEncoding = 4; lastKnownFileType = sourcecode.swift; name = ActivityCollectionViewCell.swift; path = "whale-ios-tassos/ActivityCollectionViewCell.swift"; sourceTree = "<group>"; };
		966F56F71E92C82C006B725F /* AnswerViewController.swift */ = {isa = PBXFileReference; fileEncoding = 4; lastKnownFileType = sourcecode.swift; name = AnswerViewController.swift; path = "whale-ios-tassos/AnswerViewController.swift"; sourceTree = "<group>"; };
		966F56F91E92C851006B725F /* AnswerCollectionViewCell.swift */ = {isa = PBXFileReference; fileEncoding = 4; lastKnownFileType = sourcecode.swift; name = AnswerCollectionViewCell.swift; path = "whale-ios-tassos/AnswerCollectionViewCell.swift"; sourceTree = "<group>"; };
		966F56FB1E92C8BF006B725F /* AnswerCollectionViewCell.xib */ = {isa = PBXFileReference; fileEncoding = 4; lastKnownFileType = file.xib; name = AnswerCollectionViewCell.xib; path = "whale-ios-tassos/AnswerCollectionViewCell.xib"; sourceTree = "<group>"; };
		96AE2DDB1E9801F000C2D383 /* AnswerViewModel.swift */ = {isa = PBXFileReference; fileEncoding = 4; lastKnownFileType = sourcecode.swift; name = AnswerViewModel.swift; path = "whale-ios-tassos/AnswerViewModel.swift"; sourceTree = "<group>"; };
		96D7CEC51E8909DF00EA516C /* JSONAnswer.swift */ = {isa = PBXFileReference; fileEncoding = 4; lastKnownFileType = sourcecode.swift; path = JSONAnswer.swift; sourceTree = "<group>"; };
		96DA509B1E805CC700CC3A45 /* whale-ios-tassos.app */ = {isa = PBXFileReference; explicitFileType = wrapper.application; includeInIndex = 0; path = "whale-ios-tassos.app"; sourceTree = BUILT_PRODUCTS_DIR; };
		96DA509E1E805CC700CC3A45 /* AppDelegate.swift */ = {isa = PBXFileReference; lastKnownFileType = sourcecode.swift; name = AppDelegate.swift; path = "whale-ios-tassos/AppDelegate.swift"; sourceTree = "<group>"; };
		96DA50A01E805CC700CC3A45 /* ActivityViewController.swift */ = {isa = PBXFileReference; lastKnownFileType = sourcecode.swift; name = ActivityViewController.swift; path = "whale-ios-tassos/ActivityViewController.swift"; sourceTree = "<group>"; };
		96DA50A31E805CC700CC3A45 /* Base */ = {isa = PBXFileReference; lastKnownFileType = file.storyboard; name = Base; path = Base.lproj/Main.storyboard; sourceTree = "<group>"; };
		96DA50A51E805CC700CC3A45 /* Assets.xcassets */ = {isa = PBXFileReference; lastKnownFileType = folder.assetcatalog; name = Assets.xcassets; path = "whale-ios-tassos/Assets.xcassets"; sourceTree = "<group>"; };
		96DA50A81E805CC700CC3A45 /* Base */ = {isa = PBXFileReference; lastKnownFileType = file.storyboard; name = Base; path = Base.lproj/LaunchScreen.storyboard; sourceTree = "<group>"; };
		96DA50AA1E805CC700CC3A45 /* Info.plist */ = {isa = PBXFileReference; lastKnownFileType = text.plist.xml; name = Info.plist; path = "whale-ios-tassos/Info.plist"; sourceTree = "<group>"; };
		96E10C9A1E955F93005A39D0 /* Comment.swift */ = {isa = PBXFileReference; fileEncoding = 4; lastKnownFileType = sourcecode.swift; name = Comment.swift; path = "whale-ios-tassos/Comment.swift"; sourceTree = "<group>"; };
		96E253F51E82F26B001D4AA5 /* ActivityView.xib */ = {isa = PBXFileReference; fileEncoding = 4; lastKnownFileType = file.xib; name = ActivityView.xib; path = "whale-ios-tassos/ActivityView.xib"; sourceTree = "<group>"; };
		96E253FA1E82FA76001D4AA5 /* HomeViewController.swift */ = {isa = PBXFileReference; fileEncoding = 4; lastKnownFileType = sourcecode.swift; name = HomeViewController.swift; path = "whale-ios-tassos/HomeViewController.swift"; sourceTree = "<group>"; };
		96E253FD1E82FB2D001D4AA5 /* LoginViewController.swift */ = {isa = PBXFileReference; fileEncoding = 4; lastKnownFileType = sourcecode.swift; name = LoginViewController.swift; path = "whale-ios-tassos/LoginViewController.swift"; sourceTree = "<group>"; };
		96E253FF1E82FBC7001D4AA5 /* Cell.xib */ = {isa = PBXFileReference; fileEncoding = 4; lastKnownFileType = file.xib; name = Cell.xib; path = "whale-ios-tassos/Cell.xib"; sourceTree = "<group>"; };
		A6869634478C9F67A7B6733D /* Pods_whale_ios_tassos.framework */ = {isa = PBXFileReference; explicitFileType = wrapper.framework; includeInIndex = 0; path = Pods_whale_ios_tassos.framework; sourceTree = BUILT_PRODUCTS_DIR; };
		C1C5234D16C54DC9174EA26E /* Pods-whale-ios-tassos.release.xcconfig */ = {isa = PBXFileReference; includeInIndex = 1; lastKnownFileType = text.xcconfig; name = "Pods-whale-ios-tassos.release.xcconfig"; path = "Pods/Target Support Files/Pods-whale-ios-tassos/Pods-whale-ios-tassos.release.xcconfig"; sourceTree = "<group>"; };
/* End PBXFileReference section */

/* Begin PBXFrameworksBuildPhase section */
		96DA50981E805CC700CC3A45 /* Frameworks */ = {
			isa = PBXFrameworksBuildPhase;
			buildActionMask = 2147483647;
			files = (
				C9254B0950FA2BA42300A93F /* Pods_whale_ios_tassos.framework in Frameworks */,
			);
			runOnlyForDeploymentPostprocessing = 0;
		};
/* End PBXFrameworksBuildPhase section */

/* Begin PBXGroup section */
		2E7ED7F687E972C6577760AD /* Pods */ = {
			isa = PBXGroup;
			children = (
				7228E8DF5F6DCE6D1D2FB2F5 /* Pods-whale-ios-tassos.debug.xcconfig */,
				C1C5234D16C54DC9174EA26E /* Pods-whale-ios-tassos.release.xcconfig */,
			);
			name = Pods;
			sourceTree = "<group>";
		};
		9655DD901E8AFED800CA3A43 /* APIClient */ = {
			isa = PBXGroup;
			children = (
				9655DD911E8AFF0400CA3A43 /* WhaleAPI.swift */,
			);
			name = APIClient;
			sourceTree = "<group>";
		};
		96D7CEC41E8909B900EA516C /* Models */ = {
			isa = PBXGroup;
			children = (
				96D7CEC51E8909DF00EA516C /* JSONAnswer.swift */,
				96E10C9A1E955F93005A39D0 /* Comment.swift */,
				96AE2DDB1E9801F000C2D383 /* AnswerViewModel.swift */,
			);
			name = Models;
			sourceTree = "<group>";
		};
		96DA50921E805CC700CC3A45 = {
			isa = PBXGroup;
			children = (
				96DA509E1E805CC700CC3A45 /* AppDelegate.swift */,
				96DA50AA1E805CC700CC3A45 /* Info.plist */,
				96DA50A51E805CC700CC3A45 /* Assets.xcassets */,
				96DA50B71E805DF700CC3A45 /* Networking */,
				96DA50B11E805DA300CC3A45 /* UI */,
				96DA50B01E805D9000CC3A45 /* Extensions */,
				96DA509D1E805CC700CC3A45 /* whale-ios-tassos */,
				96DA509C1E805CC700CC3A45 /* Products */,
				2E7ED7F687E972C6577760AD /* Pods */,
				C550A2734768B972C9BFA4B8 /* Frameworks */,
			);
			sourceTree = "<group>";
		};
		96DA509C1E805CC700CC3A45 /* Products */ = {
			isa = PBXGroup;
			children = (
				96DA509B1E805CC700CC3A45 /* whale-ios-tassos.app */,
			);
			name = Products;
			sourceTree = "<group>";
		};
		96DA509D1E805CC700CC3A45 /* whale-ios-tassos */ = {
			isa = PBXGroup;
			children = (
			);
			path = "whale-ios-tassos";
			sourceTree = "<group>";
		};
		96DA50B01E805D9000CC3A45 /* Extensions */ = {
			isa = PBXGroup;
			children = (
			);
			name = Extensions;
			sourceTree = "<group>";
		};
		96DA50B11E805DA300CC3A45 /* UI */ = {
			isa = PBXGroup;
			children = (
				96DA50B41E805DD000CC3A45 /* Scenes */,
				96DA50B31E805DBC00CC3A45 /* Storyboards */,
				96DA50B21E805DAA00CC3A45 /* Cells */,
			);
			name = UI;
			sourceTree = "<group>";
		};
		96DA50B21E805DAA00CC3A45 /* Cells */ = {
			isa = PBXGroup;
			children = (
			);
			name = Cells;
			sourceTree = "<group>";
		};
		96DA50B31E805DBC00CC3A45 /* Storyboards */ = {
			isa = PBXGroup;
			children = (
				96DA50A21E805CC700CC3A45 /* Main.storyboard */,
				96DA50A71E805CC700CC3A45 /* LaunchScreen.storyboard */,
			);
			name = Storyboards;
			sourceTree = "<group>";
		};
		96DA50B41E805DD000CC3A45 /* Scenes */ = {
			isa = PBXGroup;
			children = (
				96E253FC1E82FB0F001D4AA5 /* Login Scene */,
				96E253F71E82F9D2001D4AA5 /* Home Scene */,
				96DA50B61E805DE800CC3A45 /* Activity Scene */,
				96DA50B51E805DE000CC3A45 /* Answer Scene */,
			);
			name = Scenes;
			sourceTree = "<group>";
		};
		96DA50B51E805DE000CC3A45 /* Answer Scene */ = {
			isa = PBXGroup;
			children = (
				966F56F71E92C82C006B725F /* AnswerViewController.swift */,
				966F56F91E92C851006B725F /* AnswerCollectionViewCell.swift */,
				966F56FB1E92C8BF006B725F /* AnswerCollectionViewCell.xib */,
			);
			name = "Answer Scene";
			sourceTree = "<group>";
		};
		96DA50B61E805DE800CC3A45 /* Activity Scene */ = {
			isa = PBXGroup;
			children = (
				96DA50A01E805CC700CC3A45 /* ActivityViewController.swift */,
				966A3B361E8E6A3700A597C5 /* ActivityCollectionViewCell.swift */,
				96E253F51E82F26B001D4AA5 /* ActivityView.xib */,
			);
			name = "Activity Scene";
			sourceTree = "<group>";
		};
		96DA50B71E805DF700CC3A45 /* Networking */ = {
			isa = PBXGroup;
			children = (
				9655DD901E8AFED800CA3A43 /* APIClient */,
				96D7CEC41E8909B900EA516C /* Models */,
			);
			name = Networking;
			sourceTree = "<group>";
		};
		96E253F71E82F9D2001D4AA5 /* Home Scene */ = {
			isa = PBXGroup;
			children = (
				96E253FA1E82FA76001D4AA5 /* HomeViewController.swift */,
				96E253FF1E82FBC7001D4AA5 /* Cell.xib */,
			);
			name = "Home Scene";
			sourceTree = "<group>";
		};
		96E253FC1E82FB0F001D4AA5 /* Login Scene */ = {
			isa = PBXGroup;
			children = (
				96E253FD1E82FB2D001D4AA5 /* LoginViewController.swift */,
			);
			name = "Login Scene";
			sourceTree = "<group>";
		};
		C550A2734768B972C9BFA4B8 /* Frameworks */ = {
			isa = PBXGroup;
			children = (
				A6869634478C9F67A7B6733D /* Pods_whale_ios_tassos.framework */,
			);
			name = Frameworks;
			sourceTree = "<group>";
		};
/* End PBXGroup section */

/* Begin PBXNativeTarget section */
		96DA509A1E805CC700CC3A45 /* whale-ios-tassos */ = {
			isa = PBXNativeTarget;
			buildConfigurationList = 96DA50AD1E805CC700CC3A45 /* Build configuration list for PBXNativeTarget "whale-ios-tassos" */;
			buildPhases = (
				9CE67E0D33E57856016C874B /* [CP] Check Pods Manifest.lock */,
				96DA50971E805CC700CC3A45 /* Sources */,
				96DA50981E805CC700CC3A45 /* Frameworks */,
				96DA50991E805CC700CC3A45 /* Resources */,
				71201C86D68FC7CCF2C63196 /* [CP] Embed Pods Frameworks */,
				A2D9AD3A17E7BE7234689686 /* [CP] Copy Pods Resources */,
			);
			buildRules = (
			);
			dependencies = (
			);
			name = "whale-ios-tassos";
			productName = "whale-ios-tassos";
			productReference = 96DA509B1E805CC700CC3A45 /* whale-ios-tassos.app */;
			productType = "com.apple.product-type.application";
		};
/* End PBXNativeTarget section */

/* Begin PBXProject section */
		96DA50931E805CC700CC3A45 /* Project object */ = {
			isa = PBXProject;
			attributes = {
				LastSwiftUpdateCheck = 0820;
				LastUpgradeCheck = 0820;
				ORGANIZATIONNAME = SsosSoft;
				TargetAttributes = {
					96DA509A1E805CC700CC3A45 = {
						CreatedOnToolsVersion = 8.2.1;
						DevelopmentTeam = U7U4U44M6F;
						ProvisioningStyle = Automatic;
					};
				};
			};
			buildConfigurationList = 96DA50961E805CC700CC3A45 /* Build configuration list for PBXProject "whale-ios-tassos" */;
			compatibilityVersion = "Xcode 3.2";
			developmentRegion = English;
			hasScannedForEncodings = 0;
			knownRegions = (
				en,
				Base,
			);
			mainGroup = 96DA50921E805CC700CC3A45;
			productRefGroup = 96DA509C1E805CC700CC3A45 /* Products */;
			projectDirPath = "";
			projectRoot = "";
			targets = (
				96DA509A1E805CC700CC3A45 /* whale-ios-tassos */,
			);
		};
/* End PBXProject section */

/* Begin PBXResourcesBuildPhase section */
		96DA50991E805CC700CC3A45 /* Resources */ = {
			isa = PBXResourcesBuildPhase;
			buildActionMask = 2147483647;
			files = (
				966F56FC1E92C8BF006B725F /* AnswerCollectionViewCell.xib in Resources */,
				96DA50A91E805CC700CC3A45 /* LaunchScreen.storyboard in Resources */,
				96E254001E82FBC7001D4AA5 /* Cell.xib in Resources */,
				96E253F61E82F26B001D4AA5 /* ActivityView.xib in Resources */,
				96DA50A61E805CC700CC3A45 /* Assets.xcassets in Resources */,
				96DA50A41E805CC700CC3A45 /* Main.storyboard in Resources */,
			);
			runOnlyForDeploymentPostprocessing = 0;
		};
/* End PBXResourcesBuildPhase section */

/* Begin PBXShellScriptBuildPhase section */
		71201C86D68FC7CCF2C63196 /* [CP] Embed Pods Frameworks */ = {
			isa = PBXShellScriptBuildPhase;
			buildActionMask = 2147483647;
			files = (
			);
			inputPaths = (
			);
			name = "[CP] Embed Pods Frameworks";
			outputPaths = (
			);
			runOnlyForDeploymentPostprocessing = 0;
			shellPath = /bin/sh;
			shellScript = "\"${SRCROOT}/Pods/Target Support Files/Pods-whale-ios-tassos/Pods-whale-ios-tassos-frameworks.sh\"\n";
			showEnvVarsInLog = 0;
		};
		9CE67E0D33E57856016C874B /* [CP] Check Pods Manifest.lock */ = {
			isa = PBXShellScriptBuildPhase;
			buildActionMask = 2147483647;
			files = (
			);
			inputPaths = (
			);
			name = "[CP] Check Pods Manifest.lock";
			outputPaths = (
			);
			runOnlyForDeploymentPostprocessing = 0;
			shellPath = /bin/sh;
			shellScript = "diff \"${PODS_ROOT}/../Podfile.lock\" \"${PODS_ROOT}/Manifest.lock\" > /dev/null\nif [ $? != 0 ] ; then\n    # print error to STDERR\n    echo \"error: The sandbox is not in sync with the Podfile.lock. Run 'pod install' or update your CocoaPods installation.\" >&2\n    exit 1\nfi\n";
			showEnvVarsInLog = 0;
		};
		A2D9AD3A17E7BE7234689686 /* [CP] Copy Pods Resources */ = {
			isa = PBXShellScriptBuildPhase;
			buildActionMask = 2147483647;
			files = (
			);
			inputPaths = (
			);
			name = "[CP] Copy Pods Resources";
			outputPaths = (
			);
			runOnlyForDeploymentPostprocessing = 0;
			shellPath = /bin/sh;
			shellScript = "\"${SRCROOT}/Pods/Target Support Files/Pods-whale-ios-tassos/Pods-whale-ios-tassos-resources.sh\"\n";
			showEnvVarsInLog = 0;
		};
/* End PBXShellScriptBuildPhase section */

/* Begin PBXSourcesBuildPhase section */
		96DA50971E805CC700CC3A45 /* Sources */ = {
			isa = PBXSourcesBuildPhase;
			buildActionMask = 2147483647;
			files = (
				96AE2DDC1E9801F000C2D383 /* AnswerViewModel.swift in Sources */,
				966A3B371E8E6A3700A597C5 /* ActivityCollectionViewCell.swift in Sources */,
				96D7CEC61E8909DF00EA516C /* JSONAnswer.swift in Sources */,
				96E253FE1E82FB2D001D4AA5 /* LoginViewController.swift in Sources */,
				96DA50A11E805CC700CC3A45 /* ActivityViewController.swift in Sources */,
				966F56FA1E92C851006B725F /* AnswerCollectionViewCell.swift in Sources */,
				96E10C9B1E955F93005A39D0 /* Comment.swift in Sources */,
				966F56F81E92C82C006B725F /* AnswerViewController.swift in Sources */,
				96DA509F1E805CC700CC3A45 /* AppDelegate.swift in Sources */,
				9655DD921E8AFF0400CA3A43 /* WhaleAPI.swift in Sources */,
				96E253FB1E82FA76001D4AA5 /* HomeViewController.swift in Sources */,
			);
			runOnlyForDeploymentPostprocessing = 0;
		};
/* End PBXSourcesBuildPhase section */

/* Begin PBXVariantGroup section */
		96DA50A21E805CC700CC3A45 /* Main.storyboard */ = {
			isa = PBXVariantGroup;
			children = (
				96DA50A31E805CC700CC3A45 /* Base */,
			);
			name = Main.storyboard;
			path = "whale-ios-tassos";
			sourceTree = "<group>";
		};
		96DA50A71E805CC700CC3A45 /* LaunchScreen.storyboard */ = {
			isa = PBXVariantGroup;
			children = (
				96DA50A81E805CC700CC3A45 /* Base */,
			);
			name = LaunchScreen.storyboard;
			path = "whale-ios-tassos";
			sourceTree = "<group>";
		};
/* End PBXVariantGroup section */

/* Begin XCBuildConfiguration section */
		96DA50AB1E805CC700CC3A45 /* Debug */ = {
			isa = XCBuildConfiguration;
			buildSettings = {
				ALWAYS_SEARCH_USER_PATHS = NO;
				CLANG_ANALYZER_NONNULL = YES;
				CLANG_CXX_LANGUAGE_STANDARD = "gnu++0x";
				CLANG_CXX_LIBRARY = "libc++";
				CLANG_ENABLE_MODULES = YES;
				CLANG_ENABLE_OBJC_ARC = YES;
				CLANG_WARN_BOOL_CONVERSION = YES;
				CLANG_WARN_CONSTANT_CONVERSION = YES;
				CLANG_WARN_DIRECT_OBJC_ISA_USAGE = YES_ERROR;
				CLANG_WARN_DOCUMENTATION_COMMENTS = YES;
				CLANG_WARN_EMPTY_BODY = YES;
				CLANG_WARN_ENUM_CONVERSION = YES;
				CLANG_WARN_INFINITE_RECURSION = YES;
				CLANG_WARN_INT_CONVERSION = YES;
				CLANG_WARN_OBJC_ROOT_CLASS = YES_ERROR;
				CLANG_WARN_SUSPICIOUS_MOVE = YES;
				CLANG_WARN_UNREACHABLE_CODE = YES;
				CLANG_WARN__DUPLICATE_METHOD_MATCH = YES;
				"CODE_SIGN_IDENTITY[sdk=iphoneos*]" = "iPhone Developer";
				COPY_PHASE_STRIP = NO;
				DEBUG_INFORMATION_FORMAT = dwarf;
				ENABLE_STRICT_OBJC_MSGSEND = YES;
				ENABLE_TESTABILITY = YES;
				GCC_C_LANGUAGE_STANDARD = gnu99;
				GCC_DYNAMIC_NO_PIC = NO;
				GCC_NO_COMMON_BLOCKS = YES;
				GCC_OPTIMIZATION_LEVEL = 0;
				GCC_PREPROCESSOR_DEFINITIONS = (
					"DEBUG=1",
					"$(inherited)",
				);
				GCC_WARN_64_TO_32_BIT_CONVERSION = YES;
				GCC_WARN_ABOUT_RETURN_TYPE = YES_ERROR;
				GCC_WARN_UNDECLARED_SELECTOR = YES;
				GCC_WARN_UNINITIALIZED_AUTOS = YES_AGGRESSIVE;
				GCC_WARN_UNUSED_FUNCTION = YES;
				GCC_WARN_UNUSED_VARIABLE = YES;
				IPHONEOS_DEPLOYMENT_TARGET = 10.2;
				MTL_ENABLE_DEBUG_INFO = YES;
				ONLY_ACTIVE_ARCH = YES;
				SDKROOT = iphoneos;
				SWIFT_ACTIVE_COMPILATION_CONDITIONS = DEBUG;
				SWIFT_OPTIMIZATION_LEVEL = "-Onone";
			};
			name = Debug;
		};
		96DA50AC1E805CC700CC3A45 /* Release */ = {
			isa = XCBuildConfiguration;
			buildSettings = {
				ALWAYS_SEARCH_USER_PATHS = NO;
				CLANG_ANALYZER_NONNULL = YES;
				CLANG_CXX_LANGUAGE_STANDARD = "gnu++0x";
				CLANG_CXX_LIBRARY = "libc++";
				CLANG_ENABLE_MODULES = YES;
				CLANG_ENABLE_OBJC_ARC = YES;
				CLANG_WARN_BOOL_CONVERSION = YES;
				CLANG_WARN_CONSTANT_CONVERSION = YES;
				CLANG_WARN_DIRECT_OBJC_ISA_USAGE = YES_ERROR;
				CLANG_WARN_DOCUMENTATION_COMMENTS = YES;
				CLANG_WARN_EMPTY_BODY = YES;
				CLANG_WARN_ENUM_CONVERSION = YES;
				CLANG_WARN_INFINITE_RECURSION = YES;
				CLANG_WARN_INT_CONVERSION = YES;
				CLANG_WARN_OBJC_ROOT_CLASS = YES_ERROR;
				CLANG_WARN_SUSPICIOUS_MOVE = YES;
				CLANG_WARN_UNREACHABLE_CODE = YES;
				CLANG_WARN__DUPLICATE_METHOD_MATCH = YES;
				"CODE_SIGN_IDENTITY[sdk=iphoneos*]" = "iPhone Developer";
				COPY_PHASE_STRIP = NO;
				DEBUG_INFORMATION_FORMAT = "dwarf-with-dsym";
				ENABLE_NS_ASSERTIONS = NO;
				ENABLE_STRICT_OBJC_MSGSEND = YES;
				GCC_C_LANGUAGE_STANDARD = gnu99;
				GCC_NO_COMMON_BLOCKS = YES;
				GCC_WARN_64_TO_32_BIT_CONVERSION = YES;
				GCC_WARN_ABOUT_RETURN_TYPE = YES_ERROR;
				GCC_WARN_UNDECLARED_SELECTOR = YES;
				GCC_WARN_UNINITIALIZED_AUTOS = YES_AGGRESSIVE;
				GCC_WARN_UNUSED_FUNCTION = YES;
				GCC_WARN_UNUSED_VARIABLE = YES;
				IPHONEOS_DEPLOYMENT_TARGET = 10.2;
				MTL_ENABLE_DEBUG_INFO = NO;
				SDKROOT = iphoneos;
				SWIFT_OPTIMIZATION_LEVEL = "-Owholemodule";
				VALIDATE_PRODUCT = YES;
			};
			name = Release;
		};
		96DA50AE1E805CC700CC3A45 /* Debug */ = {
			isa = XCBuildConfiguration;
			baseConfigurationReference = 7228E8DF5F6DCE6D1D2FB2F5 /* Pods-whale-ios-tassos.debug.xcconfig */;
			buildSettings = {
				ASSETCATALOG_COMPILER_APPICON_NAME = AppIcon;
				DEVELOPMENT_TEAM = U7U4U44M6F;
				INFOPLIST_FILE = "whale-ios-tassos/Info.plist";
				LD_RUNPATH_SEARCH_PATHS = "$(inherited) @executable_path/Frameworks";
				PRODUCT_BUNDLE_IDENTIFIER = "com.Ssos.whale-ios-tassos";
				PRODUCT_NAME = "$(TARGET_NAME)";
				SWIFT_VERSION = 3.0;
			};
			name = Debug;
		};
		96DA50AF1E805CC700CC3A45 /* Release */ = {
			isa = XCBuildConfiguration;
			baseConfigurationReference = C1C5234D16C54DC9174EA26E /* Pods-whale-ios-tassos.release.xcconfig */;
			buildSettings = {
				ASSETCATALOG_COMPILER_APPICON_NAME = AppIcon;
				DEVELOPMENT_TEAM = U7U4U44M6F;
				INFOPLIST_FILE = "whale-ios-tassos/Info.plist";
				LD_RUNPATH_SEARCH_PATHS = "$(inherited) @executable_path/Frameworks";
				PRODUCT_BUNDLE_IDENTIFIER = "com.Ssos.whale-ios-tassos";
				PRODUCT_NAME = "$(TARGET_NAME)";
				SWIFT_VERSION = 3.0;
			};
			name = Release;
		};
/* End XCBuildConfiguration section */

/* Begin XCConfigurationList section */
		96DA50961E805CC700CC3A45 /* Build configuration list for PBXProject "whale-ios-tassos" */ = {
			isa = XCConfigurationList;
			buildConfigurations = (
				96DA50AB1E805CC700CC3A45 /* Debug */,
				96DA50AC1E805CC700CC3A45 /* Release */,
			);
			defaultConfigurationIsVisible = 0;
			defaultConfigurationName = Release;
		};
		96DA50AD1E805CC700CC3A45 /* Build configuration list for PBXNativeTarget "whale-ios-tassos" */ = {
			isa = XCConfigurationList;
			buildConfigurations = (
				96DA50AE1E805CC700CC3A45 /* Debug */,
				96DA50AF1E805CC700CC3A45 /* Release */,
			);
			defaultConfigurationIsVisible = 0;
			defaultConfigurationName = Release;
		};
/* End XCConfigurationList section */
	};
	rootObject = 96DA50931E805CC700CC3A45 /* Project object */;
}
